
Microsoft Visual Studio Solution File, Format Version 12.00
# Visual Studio Version 17
VisualStudioVersion = 17.11.35222.181
MinimumVisualStudioVersion = 10.0.40219.1
Project("{FAE04EC0-301F-11D3-BF4B-00C04F79EFBC}") = "SimpleSample", "SimpleSample\SimpleSample.csproj", "{98F1128E-712D-4ADD-8997-B57CA9CBEA4E}"
EndProject
Global
	GlobalSection(SolutionConfigurationPlatforms) = preSolution
		Debug|Any CPU = Debug|Any CPU
		Release|Any CPU = Release|Any CPU
	EndGlobalSection
	GlobalSection(ProjectConfigurationPlatforms) = postSolution
		{98F1128E-712D-4ADD-8997-B57CA9CBEA4E}.Debug|Any CPU.ActiveCfg = Debug|Any CPU
		{98F1128E-712D-4ADD-8997-B57CA9CBEA4E}.Debug|Any CPU.Build.0 = Debug|Any CPU
		{98F1128E-712D-4ADD-8997-B57CA9CBEA4E}.Release|Any CPU.ActiveCfg = Release|Any CPU
		{98F1128E-712D-4ADD-8997-B57CA9CBEA4E}.Release|Any CPU.Build.0 = Release|Any CPU
	EndGlobalSection
	GlobalSection(SolutionProperties) = preSolution
		HideSolutionNode = FALSE
	EndGlobalSection
	GlobalSection(ExtensibilityGlobals) = postSolution
		SolutionGuid = {61CF7570-8AAE-4F39-B9C6-92D35145737C}
	EndGlobalSection
EndGlobal
